
Microsoft Visual Studio Solution File, Format Version 12.00
# Visual Studio Version 16
VisualStudioVersion = 16.0.31229.75
MinimumVisualStudioVersion = 10.0.40219.1
Project("{FAE04EC0-301F-11D3-BF4B-00C04F79EFBC}") = "LanguageChange", "LanguageChange\LanguageChange.csproj", "{6EA2BA57-2288-4DED-8C28-425F5E6009CF}"
EndProject
Global
	GlobalSection(SolutionConfigurationPlatforms) = preSolution
		Debug|Any CPU = Debug|Any CPU
		Release|Any CPU = Release|Any CPU
	EndGlobalSection
	GlobalSection(ProjectConfigurationPlatforms) = postSolution
		{6EA2BA57-2288-4DED-8C28-425F5E6009CF}.Debug|Any CPU.ActiveCfg = Debug|Any CPU
		{6EA2BA57-2288-4DED-8C28-425F5E6009CF}.Debug|Any CPU.Build.0 = Debug|Any CPU
		{6EA2BA57-2288-4DED-8C28-425F5E6009CF}.Release|Any CPU.ActiveCfg = Release|Any CPU
		{6EA2BA57-2288-4DED-8C28-425F5E6009CF}.Release|Any CPU.Build.0 = Release|Any CPU
	EndGlobalSection
	GlobalSection(SolutionProperties) = preSolution
		HideSolutionNode = FALSE
	EndGlobalSection
	GlobalSection(ExtensibilityGlobals) = postSolution
		SolutionGuid = {0E02BC34-512F-4A6E-A4B1-C4731977A40B}
	EndGlobalSection
EndGlobal
